{
  "name": "@tinymce/oxide-icons-default",
  "version": "3.0.0",
  "lockfileVersion": 3,
  "requires": true,
  "packages": {
    "": {
      "name": "@tinymce/oxide-icons-default",
      "version": "3.0.0",
      "license": "GPL-2.0-or-later",
      "dependencies": {
        "@tinymce/oxide-icons-default": "file:"
      }
    },
    "node_modules/@tinymce/oxide-icons-default": {
      "resolved": "",
      "link": true
    }
  }
}
